
Microsoft Visual Studio Solution File, Format Version 12.00
# Visual Studio 14
VisualStudioVersion = 14.0.25420.1
MinimumVisualStudioVersion = 10.0.40219.1
Project("{FAE04EC0-301F-11D3-BF4B-00C04F79EFBC}") = "_Ignition.Foundation.Core", "Ignition.Foundation.Core\_Ignition.Foundation.Core.csproj", "{A11ADF09-8215-4A20-8EDD-894C969E0669}"
EndProject
Project("{2150E333-8FDC-42A3-9474-1A3956D46DE8}") = "NuGet", "NuGet", "{1B4F85E5-4E1B-4494-B680-EB430E9BA004}"
	ProjectSection(SolutionItems) = preProject
		Ignition.Foundation.Core\_Ignition.Foundation.Core.nuspec = Ignition.Foundation.Core\_Ignition.Foundation.Core.nuspec
	EndProjectSection
EndProject
Project("{FAE04EC0-301F-11D3-BF4B-00C04F79EFBC}") = "Ignition.Project.CompositionRoot", "Ignition.Project.CompositionRoot\Ignition.Project.CompositionRoot.csproj", "{9DC2D289-775B-47A4-BCCA-79A433A091DA}"
EndProject
Project("{FAE04EC0-301F-11D3-BF4B-00C04F79EFBC}") = "Ignition.Feature.FormIgnition", "Ignition.Feature.FormIgnition\Ignition.Feature.FormIgnition.csproj", "{38E30617-7F9C-4E0D-8336-4CCD80F86EAF}"
EndProject
Project("{FAE04EC0-301F-11D3-BF4B-00C04F79EFBC}") = "Ignition.Feature.EloquaForm", "Ignition.Feature.EloquaForm\Ignition.Feature.EloquaForm.csproj", "{709D7312-D5CE-4C4B-A6E7-DCE948E935FF}"
EndProject
Global
	GlobalSection(SolutionConfigurationPlatforms) = preSolution
		Debug|Any CPU = Debug|Any CPU
		Release|Any CPU = Release|Any CPU
	EndGlobalSection
	GlobalSection(ProjectConfigurationPlatforms) = postSolution
		{A11ADF09-8215-4A20-8EDD-894C969E0669}.Debug|Any CPU.ActiveCfg = Debug|Any CPU
		{A11ADF09-8215-4A20-8EDD-894C969E0669}.Debug|Any CPU.Build.0 = Debug|Any CPU
		{A11ADF09-8215-4A20-8EDD-894C969E0669}.Release|Any CPU.ActiveCfg = Release|Any CPU
		{A11ADF09-8215-4A20-8EDD-894C969E0669}.Release|Any CPU.Build.0 = Release|Any CPU
		{9DC2D289-775B-47A4-BCCA-79A433A091DA}.Debug|Any CPU.ActiveCfg = Debug|Any CPU
		{9DC2D289-775B-47A4-BCCA-79A433A091DA}.Debug|Any CPU.Build.0 = Debug|Any CPU
		{9DC2D289-775B-47A4-BCCA-79A433A091DA}.Release|Any CPU.ActiveCfg = Release|Any CPU
		{9DC2D289-775B-47A4-BCCA-79A433A091DA}.Release|Any CPU.Build.0 = Release|Any CPU
		{38E30617-7F9C-4E0D-8336-4CCD80F86EAF}.Debug|Any CPU.ActiveCfg = Debug|Any CPU
		{38E30617-7F9C-4E0D-8336-4CCD80F86EAF}.Debug|Any CPU.Build.0 = Debug|Any CPU
		{38E30617-7F9C-4E0D-8336-4CCD80F86EAF}.Release|Any CPU.ActiveCfg = Release|Any CPU
		{38E30617-7F9C-4E0D-8336-4CCD80F86EAF}.Release|Any CPU.Build.0 = Release|Any CPU
		{709D7312-D5CE-4C4B-A6E7-DCE948E935FF}.Debug|Any CPU.ActiveCfg = Debug|Any CPU
		{709D7312-D5CE-4C4B-A6E7-DCE948E935FF}.Debug|Any CPU.Build.0 = Debug|Any CPU
		{709D7312-D5CE-4C4B-A6E7-DCE948E935FF}.Release|Any CPU.ActiveCfg = Release|Any CPU
		{709D7312-D5CE-4C4B-A6E7-DCE948E935FF}.Release|Any CPU.Build.0 = Release|Any CPU
	EndGlobalSection
	GlobalSection(SolutionProperties) = preSolution
		HideSolutionNode = FALSE
	EndGlobalSection
EndGlobal
