
Microsoft Visual Studio Solution File, Format Version 12.00
# Visual Studio 15
VisualStudioVersion = 15.0.27130.2010
MinimumVisualStudioVersion = 10.0.40219.1
Project("{FAE04EC0-301F-11D3-BF4B-00C04F79EFBC}") = "Ignition.Foundation.Core", "Ignition.Foundation.Core\Ignition.Foundation.Core.csproj", "{A11ADF09-8215-4A20-8EDD-894C969E0669}"
EndProject
Project("{2150E333-8FDC-42A3-9474-1A3956D46DE8}") = ".NuGet", ".NuGet", "{1B4F85E5-4E1B-4494-B680-EB430E9BA004}"
	ProjectSection(SolutionItems) = preProject
		Ignition.Foundation.CompositionRoot\Ignition.Foundation.CompositionRoot.nuspec = Ignition.Foundation.CompositionRoot\Ignition.Foundation.CompositionRoot.nuspec
		Ignition.Foundation.Core\Ignition.Foundation.Core.nuspec = Ignition.Foundation.Core\Ignition.Foundation.Core.nuspec
	EndProjectSection
EndProject
Project("{FAE04EC0-301F-11D3-BF4B-00C04F79EFBC}") = "Ignition.Foundation.Mvc", "Ignition.Foundation.Mvc\Ignition.Foundation.Mvc.csproj", "{83FB02D6-E6D0-4F31-BDA1-D05A721C8D4B}"
EndProject
Project("{FAE04EC0-301F-11D3-BF4B-00C04F79EFBC}") = "Ignition.Foundation.Data", "Ignition.Foundation.Data\Ignition.Foundation.Data.csproj", "{1F11E675-C5A2-471A-811E-C84664736EC2}"
EndProject
Project("{2150E333-8FDC-42A3-9474-1A3956D46DE8}") = "Feature", "Feature", "{E6D2AE0B-F821-45EE-AA6C-48E8DBDAB975}"
EndProject
Project("{2150E333-8FDC-42A3-9474-1A3956D46DE8}") = "Foundation", "Foundation", "{FE625D56-73AE-455E-A51E-D323BD8A28C6}"
EndProject
Project("{2150E333-8FDC-42A3-9474-1A3956D46DE8}") = "Project", "Project", "{0B99A974-EC6C-4F56-96E4-23D3EA5DB648}"
EndProject
Project("{FAE04EC0-301F-11D3-BF4B-00C04F79EFBC}") = "Ignition.Project.CompositionRoot", "Ignition.Project.CompositionRoot\Ignition.Project.CompositionRoot.csproj", "{62B61512-E2EB-4B9D-A72D-59ED722C8420}"
EndProject
Project("{FAE04EC0-301F-11D3-BF4B-00C04F79EFBC}") = "Ignition.Foundation.Sitecore", "Ignition.Foundation.Sitecore\Ignition.Foundation.Sitecore.csproj", "{468CEDB1-C974-4C7A-81D2-DDD15A875493}"
EndProject
Global
	GlobalSection(SolutionConfigurationPlatforms) = preSolution
		Debug|Any CPU = Debug|Any CPU
		Release|Any CPU = Release|Any CPU
	EndGlobalSection
	GlobalSection(ProjectConfigurationPlatforms) = postSolution
		{A11ADF09-8215-4A20-8EDD-894C969E0669}.Debug|Any CPU.ActiveCfg = Debug|Any CPU
		{A11ADF09-8215-4A20-8EDD-894C969E0669}.Debug|Any CPU.Build.0 = Debug|Any CPU
		{A11ADF09-8215-4A20-8EDD-894C969E0669}.Release|Any CPU.ActiveCfg = Release|Any CPU
		{A11ADF09-8215-4A20-8EDD-894C969E0669}.Release|Any CPU.Build.0 = Release|Any CPU
		{83FB02D6-E6D0-4F31-BDA1-D05A721C8D4B}.Debug|Any CPU.ActiveCfg = Debug|Any CPU
		{83FB02D6-E6D0-4F31-BDA1-D05A721C8D4B}.Debug|Any CPU.Build.0 = Debug|Any CPU
		{83FB02D6-E6D0-4F31-BDA1-D05A721C8D4B}.Release|Any CPU.ActiveCfg = Release|Any CPU
		{83FB02D6-E6D0-4F31-BDA1-D05A721C8D4B}.Release|Any CPU.Build.0 = Release|Any CPU
		{1F11E675-C5A2-471A-811E-C84664736EC2}.Debug|Any CPU.ActiveCfg = Debug|Any CPU
		{1F11E675-C5A2-471A-811E-C84664736EC2}.Debug|Any CPU.Build.0 = Debug|Any CPU
		{1F11E675-C5A2-471A-811E-C84664736EC2}.Release|Any CPU.ActiveCfg = Release|Any CPU
		{1F11E675-C5A2-471A-811E-C84664736EC2}.Release|Any CPU.Build.0 = Release|Any CPU
		{62B61512-E2EB-4B9D-A72D-59ED722C8420}.Debug|Any CPU.ActiveCfg = Debug|Any CPU
		{62B61512-E2EB-4B9D-A72D-59ED722C8420}.Debug|Any CPU.Build.0 = Debug|Any CPU
		{62B61512-E2EB-4B9D-A72D-59ED722C8420}.Release|Any CPU.ActiveCfg = Release|Any CPU
		{62B61512-E2EB-4B9D-A72D-59ED722C8420}.Release|Any CPU.Build.0 = Release|Any CPU
		{468CEDB1-C974-4C7A-81D2-DDD15A875493}.Debug|Any CPU.ActiveCfg = Debug|Any CPU
		{468CEDB1-C974-4C7A-81D2-DDD15A875493}.Debug|Any CPU.Build.0 = Debug|Any CPU
		{468CEDB1-C974-4C7A-81D2-DDD15A875493}.Release|Any CPU.ActiveCfg = Release|Any CPU
		{468CEDB1-C974-4C7A-81D2-DDD15A875493}.Release|Any CPU.Build.0 = Release|Any CPU
	EndGlobalSection
	GlobalSection(SolutionProperties) = preSolution
		HideSolutionNode = FALSE
	EndGlobalSection
	GlobalSection(NestedProjects) = preSolution
		{A11ADF09-8215-4A20-8EDD-894C969E0669} = {FE625D56-73AE-455E-A51E-D323BD8A28C6}
		{83FB02D6-E6D0-4F31-BDA1-D05A721C8D4B} = {FE625D56-73AE-455E-A51E-D323BD8A28C6}
		{1F11E675-C5A2-471A-811E-C84664736EC2} = {FE625D56-73AE-455E-A51E-D323BD8A28C6}
		{62B61512-E2EB-4B9D-A72D-59ED722C8420} = {0B99A974-EC6C-4F56-96E4-23D3EA5DB648}
		{468CEDB1-C974-4C7A-81D2-DDD15A875493} = {FE625D56-73AE-455E-A51E-D323BD8A28C6}
	EndGlobalSection
	GlobalSection(ExtensibilityGlobals) = postSolution
		EnterpriseLibraryConfigurationToolBinariesPathV6 = packages\EnterpriseLibrary.Common.6.0.1304.0\lib\NET45;packages\EnterpriseLibrary.TransientFaultHandling.6.0.1304.0\lib\portable-net45+win+wp8;packages\EnterpriseLibrary.TransientFaultHandling.Caching.6.0.1304.0\lib\NET45;packages\EnterpriseLibrary.TransientFaultHandling.Data.6.0.1304.1\lib\NET45;packages\EnterpriseLibrary.TransientFaultHandling.ServiceBus.6.0.1304.0\lib\NET45;packages\EnterpriseLibrary.TransientFaultHandling.WindowsAzure.Storage.6.0.1304.0\lib\NET45;packages\EnterpriseLibrary.TransientFaultHandling.Configuration.6.0.1304.0\lib\NET45
		SolutionGuid = {9D06C337-E182-4643-B1D8-24C4FA816D91}
	EndGlobalSection
EndGlobal
