
Microsoft Visual Studio Solution File, Format Version 12.00
# Visual Studio 14
VisualStudioVersion = 14.0.25420.1
MinimumVisualStudioVersion = 10.0.40219.1
Project("{FAE04EC0-301F-11D3-BF4B-00C04F79EFBC}") = "Ignition.Project.CompositionRoot", "Ignition.Project.CompositionRoot\Ignition.Project.CompositionRoot.csproj", "{9DC2D289-775B-47A4-BCCA-79A433A091DA}"
EndProject
Global
	GlobalSection(SolutionConfigurationPlatforms) = preSolution
		Debug|Any CPU = Debug|Any CPU
		Release|Any CPU = Release|Any CPU
	EndGlobalSection
	GlobalSection(ProjectConfigurationPlatforms) = postSolution
		{9DC2D289-775B-47A4-BCCA-79A433A091DA}.Debug|Any CPU.ActiveCfg = Debug|Any CPU
		{9DC2D289-775B-47A4-BCCA-79A433A091DA}.Debug|Any CPU.Build.0 = Debug|Any CPU
		{9DC2D289-775B-47A4-BCCA-79A433A091DA}.Release|Any CPU.ActiveCfg = Release|Any CPU
		{9DC2D289-775B-47A4-BCCA-79A433A091DA}.Release|Any CPU.Build.0 = Release|Any CPU
	EndGlobalSection
	GlobalSection(SolutionProperties) = preSolution
		HideSolutionNode = FALSE
	EndGlobalSection
EndGlobal
